PODS:
  - Appirater (1.0.5)
  - FlatUIKit (1.2)
  - MBProgressHUD (0.8)

DEPENDENCIES:
  - Appirater (= 1.0.5)
  - FlatUIKit
  - MBProgressHUD (~> 0.7)

SPEC CHECKSUMS:
  Appirater: 5addfe3fac0aa85209b553f894b6b0533152786f
  FlatUIKit: 43b2acaa6f4ef57539b51b00e4ce62d506e33e11
  MBProgressHUD: 2bbc6f470111daf7f3eaa4eb12b8cbf01c4c0622

COCOAPODS: 0.25.0
